
Microsoft Visual Studio Solution File, Format Version 12.00
# Visual Studio Version 17
VisualStudioVersion = 17.0.31903.59
MinimumVisualStudioVersion = 10.0.40219.1
Project("{2150E333-8FDC-42A3-9474-1A3956D46DE8}") = "src", "src", "{827E0CD3-B72D-47B6-A68D-7590B98EB39B}"
EndProject
Project("{FAE04EC0-301F-11D3-BF4B-00C04F79EFBC}") = "HostMcp.Core", "src\HostMcp.Core\HostMcp.Core.csproj", "{2B106CAF-AE0F-4BC0-87D8-D526D236F3C0}"
EndProject
Project("{FAE04EC0-301F-11D3-BF4B-00C04F79EFBC}") = "HostMcp.Generators.Mcp", "src\HostMcp.Generators.Mcp\HostMcp.Generators.Mcp.csproj", "{71A72D56-81FC-4FFE-A422-44F746E996CA}"
EndProject
Project("{FAE04EC0-301F-11D3-BF4B-00C04F79EFBC}") = "HostMcp.ComInterop", "src\HostMcp.ComInterop\HostMcp.ComInterop.csproj", "{C040EA4D-9EE8-4C06-803C-59D4D01D3BB7}"
EndProject
Project("{FAE04EC0-301F-11D3-BF4B-00C04F79EFBC}") = "HostMcp.McpServer", "src\HostMcp.McpServer\HostMcp.McpServer.csproj", "{F745CF35-928B-4FFF-911F-F1F1AF67DFA3}"
EndProject
Project("{FAE04EC0-301F-11D3-BF4B-00C04F79EFBC}") = "HostMcp.CLI", "src\HostMcp.CLI\HostMcp.CLI.csproj", "{22B59AD3-55EA-4DA7-BF78-E842FFCD83FC}"
EndProject
Global
	GlobalSection(SolutionConfigurationPlatforms) = preSolution
		Debug|Any CPU = Debug|Any CPU
		Debug|x64 = Debug|x64
		Debug|x86 = Debug|x86
		Release|Any CPU = Release|Any CPU
		Release|x64 = Release|x64
		Release|x86 = Release|x86
	EndGlobalSection
	GlobalSection(ProjectConfigurationPlatforms) = postSolution
		{2B106CAF-AE0F-4BC0-87D8-D526D236F3C0}.Debug|Any CPU.ActiveCfg = Debug|Any CPU
		{2B106CAF-AE0F-4BC0-87D8-D526D236F3C0}.Debug|Any CPU.Build.0 = Debug|Any CPU
		{2B106CAF-AE0F-4BC0-87D8-D526D236F3C0}.Debug|x64.ActiveCfg = Debug|Any CPU
		{2B106CAF-AE0F-4BC0-87D8-D526D236F3C0}.Debug|x64.Build.0 = Debug|Any CPU
		{2B106CAF-AE0F-4BC0-87D8-D526D236F3C0}.Debug|x86.ActiveCfg = Debug|Any CPU
		{2B106CAF-AE0F-4BC0-87D8-D526D236F3C0}.Debug|x86.Build.0 = Debug|Any CPU
		{2B106CAF-AE0F-4BC0-87D8-D526D236F3C0}.Release|Any CPU.ActiveCfg = Release|Any CPU
		{2B106CAF-AE0F-4BC0-87D8-D526D236F3C0}.Release|Any CPU.Build.0 = Release|Any CPU
		{2B106CAF-AE0F-4BC0-87D8-D526D236F3C0}.Release|x64.ActiveCfg = Release|Any CPU
		{2B106CAF-AE0F-4BC0-87D8-D526D236F3C0}.Release|x64.Build.0 = Release|Any CPU
		{2B106CAF-AE0F-4BC0-87D8-D526D236F3C0}.Release|x86.ActiveCfg = Release|Any CPU
		{2B106CAF-AE0F-4BC0-87D8-D526D236F3C0}.Release|x86.Build.0 = Release|Any CPU
		{71A72D56-81FC-4FFE-A422-44F746E996CA}.Debug|Any CPU.ActiveCfg = Debug|Any CPU
		{71A72D56-81FC-4FFE-A422-44F746E996CA}.Debug|Any CPU.Build.0 = Debug|Any CPU
		{71A72D56-81FC-4FFE-A422-44F746E996CA}.Debug|x64.ActiveCfg = Debug|Any CPU
		{71A72D56-81FC-4FFE-A422-44F746E996CA}.Debug|x64.Build.0 = Debug|Any CPU
		{71A72D56-81FC-4FFE-A422-44F746E996CA}.Debug|x86.ActiveCfg = Debug|Any CPU
		{71A72D56-81FC-4FFE-A422-44F746E996CA}.Debug|x86.Build.0 = Debug|Any CPU
		{71A72D56-81FC-4FFE-A422-44F746E996CA}.Release|Any CPU.ActiveCfg = Release|Any CPU
		{71A72D56-81FC-4FFE-A422-44F746E996CA}.Release|Any CPU.Build.0 = Release|Any CPU
		{71A72D56-81FC-4FFE-A422-44F746E996CA}.Release|x64.ActiveCfg = Release|Any CPU
		{71A72D56-81FC-4FFE-A422-44F746E996CA}.Release|x64.Build.0 = Release|Any CPU
		{71A72D56-81FC-4FFE-A422-44F746E996CA}.Release|x86.ActiveCfg = Release|Any CPU
		{71A72D56-81FC-4FFE-A422-44F746E996CA}.Release|x86.Build.0 = Release|Any CPU
		{C040EA4D-9EE8-4C06-803C-59D4D01D3BB7}.Debug|Any CPU.ActiveCfg = Debug|Any CPU
		{C040EA4D-9EE8-4C06-803C-59D4D01D3BB7}.Debug|Any CPU.Build.0 = Debug|Any CPU
		{C040EA4D-9EE8-4C06-803C-59D4D01D3BB7}.Debug|x64.ActiveCfg = Debug|Any CPU
		{C040EA4D-9EE8-4C06-803C-59D4D01D3BB7}.Debug|x64.Build.0 = Debug|Any CPU
		{C040EA4D-9EE8-4C06-803C-59D4D01D3BB7}.Debug|x86.ActiveCfg = Debug|Any CPU
		{C040EA4D-9EE8-4C06-803C-59D4D01D3BB7}.Debug|x86.Build.0 = Debug|Any CPU
		{C040EA4D-9EE8-4C06-803C-59D4D01D3BB7}.Release|Any CPU.ActiveCfg = Release|Any CPU
		{C040EA4D-9EE8-4C06-803C-59D4D01D3BB7}.Release|Any CPU.Build.0 = Release|Any CPU
		{C040EA4D-9EE8-4C06-803C-59D4D01D3BB7}.Release|x64.ActiveCfg = Release|Any CPU
		{C040EA4D-9EE8-4C06-803C-59D4D01D3BB7}.Release|x64.Build.0 = Release|Any CPU
		{C040EA4D-9EE8-4C06-803C-59D4D01D3BB7}.Release|x86.ActiveCfg = Release|Any CPU
		{C040EA4D-9EE8-4C06-803C-59D4D01D3BB7}.Release|x86.Build.0 = Release|Any CPU
		{F745CF35-928B-4FFF-911F-F1F1AF67DFA3}.Debug|Any CPU.ActiveCfg = Debug|Any CPU
		{F745CF35-928B-4FFF-911F-F1F1AF67DFA3}.Debug|Any CPU.Build.0 = Debug|Any CPU
		{F745CF35-928B-4FFF-911F-F1F1AF67DFA3}.Debug|x64.ActiveCfg = Debug|Any CPU
		{F745CF35-928B-4FFF-911F-F1F1AF67DFA3}.Debug|x64.Build.0 = Debug|Any CPU
		{F745CF35-928B-4FFF-911F-F1F1AF67DFA3}.Debug|x86.ActiveCfg = Debug|Any CPU
		{F745CF35-928B-4FFF-911F-F1F1AF67DFA3}.Debug|x86.Build.0 = Debug|Any CPU
		{F745CF35-928B-4FFF-911F-F1F1AF67DFA3}.Release|Any CPU.ActiveCfg = Release|Any CPU
		{F745CF35-928B-4FFF-911F-F1F1AF67DFA3}.Release|Any CPU.Build.0 = Release|Any CPU
		{F745CF35-928B-4FFF-911F-F1F1AF67DFA3}.Release|x64.ActiveCfg = Release|Any CPU
		{F745CF35-928B-4FFF-911F-F1F1AF67DFA3}.Release|x64.Build.0 = Release|Any CPU
		{F745CF35-928B-4FFF-911F-F1F1AF67DFA3}.Release|x86.ActiveCfg = Release|Any CPU
		{F745CF35-928B-4FFF-911F-F1F1AF67DFA3}.Release|x86.Build.0 = Release|Any CPU
		{22B59AD3-55EA-4DA7-BF78-E842FFCD83FC}.Debug|Any CPU.ActiveCfg = Debug|Any CPU
		{22B59AD3-55EA-4DA7-BF78-E842FFCD83FC}.Debug|Any CPU.Build.0 = Debug|Any CPU
		{22B59AD3-55EA-4DA7-BF78-E842FFCD83FC}.Debug|x64.ActiveCfg = Debug|Any CPU
		{22B59AD3-55EA-4DA7-BF78-E842FFCD83FC}.Debug|x64.Build.0 = Debug|Any CPU
		{22B59AD3-55EA-4DA7-BF78-E842FFCD83FC}.Debug|x86.ActiveCfg = Debug|Any CPU
		{22B59AD3-55EA-4DA7-BF78-E842FFCD83FC}.Debug|x86.Build.0 = Debug|Any CPU
		{22B59AD3-55EA-4DA7-BF78-E842FFCD83FC}.Release|Any CPU.ActiveCfg = Release|Any CPU
		{22B59AD3-55EA-4DA7-BF78-E842FFCD83FC}.Release|Any CPU.Build.0 = Release|Any CPU
		{22B59AD3-55EA-4DA7-BF78-E842FFCD83FC}.Release|x64.ActiveCfg = Release|Any CPU
		{22B59AD3-55EA-4DA7-BF78-E842FFCD83FC}.Release|x64.Build.0 = Release|Any CPU
		{22B59AD3-55EA-4DA7-BF78-E842FFCD83FC}.Release|x86.ActiveCfg = Release|Any CPU
		{22B59AD3-55EA-4DA7-BF78-E842FFCD83FC}.Release|x86.Build.0 = Release|Any CPU
	EndGlobalSection
	GlobalSection(SolutionProperties) = preSolution
		HideSolutionNode = FALSE
	EndGlobalSection
	GlobalSection(NestedProjects) = preSolution
		{2B106CAF-AE0F-4BC0-87D8-D526D236F3C0} = {827E0CD3-B72D-47B6-A68D-7590B98EB39B}
		{71A72D56-81FC-4FFE-A422-44F746E996CA} = {827E0CD3-B72D-47B6-A68D-7590B98EB39B}
		{C040EA4D-9EE8-4C06-803C-59D4D01D3BB7} = {827E0CD3-B72D-47B6-A68D-7590B98EB39B}
		{F745CF35-928B-4FFF-911F-F1F1AF67DFA3} = {827E0CD3-B72D-47B6-A68D-7590B98EB39B}
		{22B59AD3-55EA-4DA7-BF78-E842FFCD83FC} = {827E0CD3-B72D-47B6-A68D-7590B98EB39B}
	EndGlobalSection
EndGlobal
